// !$*UTF8*$!
{
	archiveVersion = 1;
	classes = {
	};
	objectVersion = 54;
	objects = {

/* Begin PBXBuildFile section */
		00E356F31AD99517003FC87E /* aniyooTests.m in Sources */ = {isa = PBXBuildFile; fileRef = 00E356F21AD99517003FC87E /* aniyooTests.m */; };
		13B07FBC1A68108700A75B9A /* AppDelegate.m in Sources */ = {isa = PBXBuildFile; fileRef = 13B07FB01A68108700A75B9A /* AppDelegate.m */; };
		13B07FBF1A68108700A75B9A /* Images.xcassets in Resources */ = {isa = PBXBuildFile; fileRef = 13B07FB51A68108700A75B9A /* Images.xcassets */; };
		13B07FC11A68108700A75B9A /* main.m in Sources */ = {isa = PBXBuildFile; fileRef = 13B07FB71A68108700A75B9A /* main.m */; };
		81AB9BB82411601600AC10FF /* LaunchScreen.storyboard in Resources */ = {isa = PBXBuildFile; fileRef = 81AB9BB72411601600AC10FF /* LaunchScreen.storyboard */; };
		805937565A864091BC4B9AA1 /* AntDesign.ttf in Resources */ = {isa = PBXBuildFile; fileRef = FBFF4F447A134F66BE4E4ABF /* AntDesign.ttf */; };
		B7B3AE9A66EF4EC891591736 /* Entypo.ttf in Resources */ = {isa = PBXBuildFile; fileRef = 61DB7567B0DC4AA0AFC89B07 /* Entypo.ttf */; };
		A58157A29ED5482CA1338611 /* EvilIcons.ttf in Resources */ = {isa = PBXBuildFile; fileRef = 3B39201E0D7343249E9F9F86 /* EvilIcons.ttf */; };
		7A325C15B4F14A29A1FA4022 /* Feather.ttf in Resources */ = {isa = PBXBuildFile; fileRef = 58114BFA2689450FAD2895D5 /* Feather.ttf */; };
		3D42CF34103D465AA0CCDB2B /* FontAwesome.ttf in Resources */ = {isa = PBXBuildFile; fileRef = E903AC401F3B46FCB12E4E0C /* FontAwesome.ttf */; };
		46D9C44EF0F847FD81EE6440 /* FontAwesome5_Brands.ttf in Resources */ = {isa = PBXBuildFile; fileRef = 85D41F75C42C4F26B32FE839 /* FontAwesome5_Brands.ttf */; };
		F1BD6A6707CA4CF98EDB6BC9 /* FontAwesome5_Regular.ttf in Resources */ = {isa = PBXBuildFile; fileRef = 56CC0A206F464445914635A0 /* FontAwesome5_Regular.ttf */; };
		36C7E2C6C6BD4F13942A2726 /* FontAwesome5_Solid.ttf in Resources */ = {isa = PBXBuildFile; fileRef = 8E556E6A22F642398BD1C36E /* FontAwesome5_Solid.ttf */; };
		FF49E9E6CCA747159AA0333F /* Fontisto.ttf in Resources */ = {isa = PBXBuildFile; fileRef = E48717BD0B114517AC9E1330 /* Fontisto.ttf */; };
		A27DFBE888964A62A70E3EFA /* Foundation.ttf in Resources */ = {isa = PBXBuildFile; fileRef = D1132BE2D55E4B958A9D717F /* Foundation.ttf */; };
		EDD9887021B44B72B0CA3A64 /* Ionicons.ttf in Resources */ = {isa = PBXBuildFile; fileRef = 463C7E49E41A4F0C8F3A8E8D /* Ionicons.ttf */; };
		99BA06819189448B9647F5F7 /* MaterialCommunityIcons.ttf in Resources */ = {isa = PBXBuildFile; fileRef = 756480F17B564003A0F36426 /* MaterialCommunityIcons.ttf */; };
		85A3C26677884E8E8DFBB018 /* MaterialIcons.ttf in Resources */ = {isa = PBXBuildFile; fileRef = 07719460C3AF4B35ADB12E41 /* MaterialIcons.ttf */; };
		0C07DC5154B045398DBB0086 /* Octicons.ttf in Resources */ = {isa = PBXBuildFile; fileRef = 387A1813A7154314A2D1F64A /* Octicons.ttf */; };
		F440C3585756488FBBEE5E17 /* SimpleLineIcons.ttf in Resources */ = {isa = PBXBuildFile; fileRef = 64D1C668B7E94239A6A95656 /* SimpleLineIcons.ttf */; };
		EF82087F0AE643B0B65D14C9 /* Zocial.ttf in Resources */ = {isa = PBXBuildFile; fileRef = 1F592E453D4841F8A7536E1A /* Zocial.ttf */; };
		38FB94162C754744AEB1AF49 /* Ubuntu-Bold.ttf in Resources */ = {isa = PBXBuildFile; fileRef = EB10474515314080B2602C73 /* Ubuntu-Bold.ttf */; };
		DBC2CD1FC89C4CE584B719AF /* Ubuntu-BoldItalic.ttf in Resources */ = {isa = PBXBuildFile; fileRef = 1D7AB9F8498D44D7AD2DAD2B /* Ubuntu-BoldItalic.ttf */; };
		21EC85194EEC438ABE67B776 /* Ubuntu-Italic.ttf in Resources */ = {isa = PBXBuildFile; fileRef = 308A074126034F8AB6263C25 /* Ubuntu-Italic.ttf */; };
		79B3FCA1BD1242C7901085AF /* Ubuntu-Light.ttf in Resources */ = {isa = PBXBuildFile; fileRef = 8C3B1DDD5D11469EBE27FFDA /* Ubuntu-Light.ttf */; };
		EC3EE20F232B4AFD983EB254 /* Ubuntu-LightItalic.ttf in Resources */ = {isa = PBXBuildFile; fileRef = B5AB5DCBC90947B49A8E72BF /* Ubuntu-LightItalic.ttf */; };
		0E0675927CCE47ADB771F032 /* Ubuntu-Medium.ttf in Resources */ = {isa = PBXBuildFile; fileRef = DEB5F66CF01E4F268D86367C /* Ubuntu-Medium.ttf */; };
		2D718BD95D874905AA2DE70F /* Ubuntu-MediumItalic.ttf in Resources */ = {isa = PBXBuildFile; fileRef = 7752645C42CD434190D91458 /* Ubuntu-MediumItalic.ttf */; };
		73DC5A0FEED74B39BAFB13F6 /* Ubuntu-Regular.ttf in Resources */ = {isa = PBXBuildFile; fileRef = 420E3B787C554D2497117F71 /* Ubuntu-Regular.ttf */; };
		41A22126FF03439BAC0F80E8 /* Montserrat-Italic-VariableFont_wght.ttf in Resources */ = {isa = PBXBuildFile; fileRef = 362261E9F91E4598A994F68B /* Montserrat-Italic-VariableFont_wght.ttf */; };
		216C34331C1D483494F09DCC /* Montserrat-VariableFont_wght.ttf in Resources */ = {isa = PBXBuildFile; fileRef = 96772FB9082348C2AC5D22E6 /* Montserrat-VariableFont_wght.ttf */; };
		790967A572814DD197F918CB /* NotoSans-Black.ttf in Resources */ = {isa = PBXBuildFile; fileRef = E230095C806E4F4B8C9A726C /* NotoSans-Black.ttf */; };
		FD9AF5DDFDC440A08EF196A9 /* NotoSans-BlackItalic.ttf in Resources */ = {isa = PBXBuildFile; fileRef = 76562D0C0AB84EFAB0F7B831 /* NotoSans-BlackItalic.ttf */; };
		A815B33BD10A447894294154 /* NotoSans-Bold.ttf in Resources */ = {isa = PBXBuildFile; fileRef = DCBCE58D3A9846C4909B1F68 /* NotoSans-Bold.ttf */; };
		DFF4118C8F384BDB88B7423A /* NotoSans-BoldItalic.ttf in Resources */ = {isa = PBXBuildFile; fileRef = 3523F9D1C2C5468299FF79B4 /* NotoSans-BoldItalic.ttf */; };
		987B91668D4C41BBA20AD5A2 /* NotoSans-ExtraBold.ttf in Resources */ = {isa = PBXBuildFile; fileRef = 597D6C7247E649C29169C6BE /* NotoSans-ExtraBold.ttf */; };
		F8E6E9D50AA24364B029B8C2 /* NotoSans-ExtraBoldItalic.ttf in Resources */ = {isa = PBXBuildFile; fileRef = 3BC5DB4750BB4C9D98C3B844 /* NotoSans-ExtraBoldItalic.ttf */; };
		F846B558948A4F9C8F220C0A /* NotoSans-ExtraLight.ttf in Resources */ = {isa = PBXBuildFile; fileRef = 709F76E25A7C462F857ED071 /* NotoSans-ExtraLight.ttf */; };
		36F07F1246F74260B0F2AF3A /* NotoSans-ExtraLightItalic.ttf in Resources */ = {isa = PBXBuildFile; fileRef = 806BA254FC9C4DC2B9592D00 /* NotoSans-ExtraLightItalic.ttf */; };
		3E87D841AAC74BE59BE5C8EA /* NotoSans-Italic.ttf in Resources */ = {isa = PBXBuildFile; fileRef = 6B2ED22804FB466297F1F91E /* NotoSans-Italic.ttf */; };
		9BFE7BC23038481DB85C9FFF /* NotoSans-Light.ttf in Resources */ = {isa = PBXBuildFile; fileRef = 66C6ADBE75E542D99E47B3F2 /* NotoSans-Light.ttf */; };
		933AE46E4F014F67ABF00FE6 /* NotoSans-LightItalic.ttf in Resources */ = {isa = PBXBuildFile; fileRef = A55EAC34CD0E476098D0D9E8 /* NotoSans-LightItalic.ttf */; };
		E4D1A182DF6848058F646856 /* NotoSans-Medium.ttf in Resources */ = {isa = PBXBuildFile; fileRef = 338C7AF1B825459380D5D881 /* NotoSans-Medium.ttf */; };
		7E59C8C0BA6742EE954592B6 /* NotoSans-MediumItalic.ttf in Resources */ = {isa = PBXBuildFile; fileRef = B463151F4393467693946D13 /* NotoSans-MediumItalic.ttf */; };
		4CCDF3690B024A59805AA0B0 /* NotoSans-Regular.ttf in Resources */ = {isa = PBXBuildFile; fileRef = 032E17FA10D143A6A797ADA3 /* NotoSans-Regular.ttf */; };
		0A03E39BCEEF43A3BB4356CD /* NotoSans-SemiBold.ttf in Resources */ = {isa = PBXBuildFile; fileRef = E6763E0778964FFFB573BF6D /* NotoSans-SemiBold.ttf */; };
		3701ADC8FF67480090EDC8CF /* NotoSans-SemiBoldItalic.ttf in Resources */ = {isa = PBXBuildFile; fileRef = 4A8A15A50E22443BB9475EE5 /* NotoSans-SemiBoldItalic.ttf */; };
		3B86F986EDE1442BA0BBFC5B /* NotoSans-Thin.ttf in Resources */ = {isa = PBXBuildFile; fileRef = 4F2E96BCF178476E81FDFFFE /* NotoSans-Thin.ttf */; };
		8C5DA67C705E4F0090457460 /* NotoSans-ThinItalic.ttf in Resources */ = {isa = PBXBuildFile; fileRef = F9F55D75DD384A27BFD82669 /* NotoSans-ThinItalic.ttf */; };
/* End PBXBuildFile section */

/* Begin PBXContainerItemProxy section */
		00E356F41AD99517003FC87E /* PBXContainerItemProxy */ = {
			isa = PBXContainerItemProxy;
			containerPortal = 83CBB9F71A601CBA00E9B192 /* Project object */;
			proxyType = 1;
			remoteGlobalIDString = 13B07F861A680F5B00A75B9A;
			remoteInfo = aniyoo;
		};
/* End PBXContainerItemProxy section */

/* Begin PBXFileReference section */
		00E356EE1AD99517003FC87E /* aniyooTests.xctest */ = {isa = PBXFileReference; explicitFileType = wrapper.cfbundle; includeInIndex = 0; path = aniyooTests.xctest; sourceTree = BUILT_PRODUCTS_DIR; };
		00E356F11AD99517003FC87E /* Info.plist */ = {isa = PBXFileReference; lastKnownFileType = text.plist.xml; path = Info.plist; sourceTree = "<group>"; };
		00E356F21AD99517003FC87E /* aniyooTests.m */ = {isa = PBXFileReference; lastKnownFileType = sourcecode.c.objc; path = aniyooTests.m; sourceTree = "<group>"; };
		13B07F961A680F5B00A75B9A /* aniyoo.app */ = {isa = PBXFileReference; explicitFileType = wrapper.application; includeInIndex = 0; path = aniyoo.app; sourceTree = BUILT_PRODUCTS_DIR; };
		13B07FAF1A68108700A75B9A /* AppDelegate.h */ = {isa = PBXFileReference; fileEncoding = 4; lastKnownFileType = sourcecode.c.h; name = AppDelegate.h; path = aniyoo/AppDelegate.h; sourceTree = "<group>"; };
		13B07FB01A68108700A75B9A /* AppDelegate.m */ = {isa = PBXFileReference; fileEncoding = 4; lastKnownFileType = sourcecode.c.objc; name = AppDelegate.m; path = aniyoo/AppDelegate.m; sourceTree = "<group>"; };
		13B07FB51A68108700A75B9A /* Images.xcassets */ = {isa = PBXFileReference; lastKnownFileType = folder.assetcatalog; name = Images.xcassets; path = aniyoo/Images.xcassets; sourceTree = "<group>"; };
		13B07FB61A68108700A75B9A /* Info.plist */ = {isa = PBXFileReference; fileEncoding = 4; lastKnownFileType = text.plist.xml; name = Info.plist; path = aniyoo/Info.plist; sourceTree = "<group>"; };
		13B07FB71A68108700A75B9A /* main.m */ = {isa = PBXFileReference; fileEncoding = 4; lastKnownFileType = sourcecode.c.objc; name = main.m; path = aniyoo/main.m; sourceTree = "<group>"; };
		81AB9BB72411601600AC10FF /* LaunchScreen.storyboard */ = {isa = PBXFileReference; fileEncoding = 4; lastKnownFileType = file.storyboard; name = LaunchScreen.storyboard; path = aniyoo/LaunchScreen.storyboard; sourceTree = "<group>"; };
		ED297162215061F000B7C4FE /* JavaScriptCore.framework */ = {isa = PBXFileReference; lastKnownFileType = wrapper.framework; name = JavaScriptCore.framework; path = System/Library/Frameworks/JavaScriptCore.framework; sourceTree = SDKROOT; };
		FBFF4F447A134F66BE4E4ABF /* AntDesign.ttf */ = {isa = PBXFileReference; name = "AntDesign.ttf"; path = "../node_modules/react-native-vector-icons/Fonts/AntDesign.ttf"; sourceTree = "<group>"; fileEncoding = undefined; lastKnownFileType = unknown; explicitFileType = undefined; includeInIndex = 0; };
		61DB7567B0DC4AA0AFC89B07 /* Entypo.ttf */ = {isa = PBXFileReference; name = "Entypo.ttf"; path = "../node_modules/react-native-vector-icons/Fonts/Entypo.ttf"; sourceTree = "<group>"; fileEncoding = undefined; lastKnownFileType = unknown; explicitFileType = undefined; includeInIndex = 0; };
		3B39201E0D7343249E9F9F86 /* EvilIcons.ttf */ = {isa = PBXFileReference; name = "EvilIcons.ttf"; path = "../node_modules/react-native-vector-icons/Fonts/EvilIcons.ttf"; sourceTree = "<group>"; fileEncoding = undefined; lastKnownFileType = unknown; explicitFileType = undefined; includeInIndex = 0; };
		58114BFA2689450FAD2895D5 /* Feather.ttf */ = {isa = PBXFileReference; name = "Feather.ttf"; path = "../node_modules/react-native-vector-icons/Fonts/Feather.ttf"; sourceTree = "<group>"; fileEncoding = undefined; lastKnownFileType = unknown; explicitFileType = undefined; includeInIndex = 0; };
		E903AC401F3B46FCB12E4E0C /* FontAwesome.ttf */ = {isa = PBXFileReference; name = "FontAwesome.ttf"; path = "../node_modules/react-native-vector-icons/Fonts/FontAwesome.ttf"; sourceTree = "<group>"; fileEncoding = undefined; lastKnownFileType = unknown; explicitFileType = undefined; includeInIndex = 0; };
		85D41F75C42C4F26B32FE839 /* FontAwesome5_Brands.ttf */ = {isa = PBXFileReference; name = "FontAwesome5_Brands.ttf"; path = "../node_modules/react-native-vector-icons/Fonts/FontAwesome5_Brands.ttf"; sourceTree = "<group>"; fileEncoding = undefined; lastKnownFileType = unknown; explicitFileType = undefined; includeInIndex = 0; };
		56CC0A206F464445914635A0 /* FontAwesome5_Regular.ttf */ = {isa = PBXFileReference; name = "FontAwesome5_Regular.ttf"; path = "../node_modules/react-native-vector-icons/Fonts/FontAwesome5_Regular.ttf"; sourceTree = "<group>"; fileEncoding = undefined; lastKnownFileType = unknown; explicitFileType = undefined; includeInIndex = 0; };
		8E556E6A22F642398BD1C36E /* FontAwesome5_Solid.ttf */ = {isa = PBXFileReference; name = "FontAwesome5_Solid.ttf"; path = "../node_modules/react-native-vector-icons/Fonts/FontAwesome5_Solid.ttf"; sourceTree = "<group>"; fileEncoding = undefined; lastKnownFileType = unknown; explicitFileType = undefined; includeInIndex = 0; };
		E48717BD0B114517AC9E1330 /* Fontisto.ttf */ = {isa = PBXFileReference; name = "Fontisto.ttf"; path = "../node_modules/react-native-vector-icons/Fonts/Fontisto.ttf"; sourceTree = "<group>"; fileEncoding = undefined; lastKnownFileType = unknown; explicitFileType = undefined; includeInIndex = 0; };
		D1132BE2D55E4B958A9D717F /* Foundation.ttf */ = {isa = PBXFileReference; name = "Foundation.ttf"; path = "../node_modules/react-native-vector-icons/Fonts/Foundation.ttf"; sourceTree = "<group>"; fileEncoding = undefined; lastKnownFileType = unknown; explicitFileType = undefined; includeInIndex = 0; };
		463C7E49E41A4F0C8F3A8E8D /* Ionicons.ttf */ = {isa = PBXFileReference; name = "Ionicons.ttf"; path = "../node_modules/react-native-vector-icons/Fonts/Ionicons.ttf"; sourceTree = "<group>"; fileEncoding = undefined; lastKnownFileType = unknown; explicitFileType = undefined; includeInIndex = 0; };
		756480F17B564003A0F36426 /* MaterialCommunityIcons.ttf */ = {isa = PBXFileReference; name = "MaterialCommunityIcons.ttf"; path = "../node_modules/react-native-vector-icons/Fonts/MaterialCommunityIcons.ttf"; sourceTree = "<group>"; fileEncoding = undefined; lastKnownFileType = unknown; explicitFileType = undefined; includeInIndex = 0; };
		07719460C3AF4B35ADB12E41 /* MaterialIcons.ttf */ = {isa = PBXFileReference; name = "MaterialIcons.ttf"; path = "../node_modules/react-native-vector-icons/Fonts/MaterialIcons.ttf"; sourceTree = "<group>"; fileEncoding = undefined; lastKnownFileType = unknown; explicitFileType = undefined; includeInIndex = 0; };
		387A1813A7154314A2D1F64A /* Octicons.ttf */ = {isa = PBXFileReference; name = "Octicons.ttf"; path = "../node_modules/react-native-vector-icons/Fonts/Octicons.ttf"; sourceTree = "<group>"; fileEncoding = undefined; lastKnownFileType = unknown; explicitFileType = undefined; includeInIndex = 0; };
		64D1C668B7E94239A6A95656 /* SimpleLineIcons.ttf */ = {isa = PBXFileReference; name = "SimpleLineIcons.ttf"; path = "../node_modules/react-native-vector-icons/Fonts/SimpleLineIcons.ttf"; sourceTree = "<group>"; fileEncoding = undefined; lastKnownFileType = unknown; explicitFileType = undefined; includeInIndex = 0; };
		1F592E453D4841F8A7536E1A /* Zocial.ttf */ = {isa = PBXFileReference; name = "Zocial.ttf"; path = "../node_modules/react-native-vector-icons/Fonts/Zocial.ttf"; sourceTree = "<group>"; fileEncoding = undefined; lastKnownFileType = unknown; explicitFileType = undefined; includeInIndex = 0; };
		EB10474515314080B2602C73 /* Ubuntu-Bold.ttf */ = {isa = PBXFileReference; name = "Ubuntu-Bold.ttf"; path = "../assets/fonts/Ubuntu-Bold.ttf"; sourceTree = "<group>"; fileEncoding = undefined; lastKnownFileType = unknown; explicitFileType = undefined; includeInIndex = 0; };
		1D7AB9F8498D44D7AD2DAD2B /* Ubuntu-BoldItalic.ttf */ = {isa = PBXFileReference; name = "Ubuntu-BoldItalic.ttf"; path = "../assets/fonts/Ubuntu-BoldItalic.ttf"; sourceTree = "<group>"; fileEncoding = undefined; lastKnownFileType = unknown; explicitFileType = undefined; includeInIndex = 0; };
		308A074126034F8AB6263C25 /* Ubuntu-Italic.ttf */ = {isa = PBXFileReference; name = "Ubuntu-Italic.ttf"; path = "../assets/fonts/Ubuntu-Italic.ttf"; sourceTree = "<group>"; fileEncoding = undefined; lastKnownFileType = unknown; explicitFileType = undefined; includeInIndex = 0; };
		8C3B1DDD5D11469EBE27FFDA /* Ubuntu-Light.ttf */ = {isa = PBXFileReference; name = "Ubuntu-Light.ttf"; path = "../assets/fonts/Ubuntu-Light.ttf"; sourceTree = "<group>"; fileEncoding = undefined; lastKnownFileType = unknown; explicitFileType = undefined; includeInIndex = 0; };
		B5AB5DCBC90947B49A8E72BF /* Ubuntu-LightItalic.ttf */ = {isa = PBXFileReference; name = "Ubuntu-LightItalic.ttf"; path = "../assets/fonts/Ubuntu-LightItalic.ttf"; sourceTree = "<group>"; fileEncoding = undefined; lastKnownFileType = unknown; explicitFileType = undefined; includeInIndex = 0; };
		DEB5F66CF01E4F268D86367C /* Ubuntu-Medium.ttf */ = {isa = PBXFileReference; name = "Ubuntu-Medium.ttf"; path = "../assets/fonts/Ubuntu-Medium.ttf"; sourceTree = "<group>"; fileEncoding = undefined; lastKnownFileType = unknown; explicitFileType = undefined; includeInIndex = 0; };
		7752645C42CD434190D91458 /* Ubuntu-MediumItalic.ttf */ = {isa = PBXFileReference; name = "Ubuntu-MediumItalic.ttf"; path = "../assets/fonts/Ubuntu-MediumItalic.ttf"; sourceTree = "<group>"; fileEncoding = undefined; lastKnownFileType = unknown; explicitFileType = undefined; includeInIndex = 0; };
		420E3B787C554D2497117F71 /* Ubuntu-Regular.ttf */ = {isa = PBXFileReference; name = "Ubuntu-Regular.ttf"; path = "../assets/fonts/Ubuntu-Regular.ttf"; sourceTree = "<group>"; fileEncoding = undefined; lastKnownFileType = unknown; explicitFileType = undefined; includeInIndex = 0; };
		362261E9F91E4598A994F68B /* Montserrat-Italic-VariableFont_wght.ttf */ = {isa = PBXFileReference; name = "Montserrat-Italic-VariableFont_wght.ttf"; path = "../assets/fonts/Montserrat-Italic-VariableFont_wght.ttf"; sourceTree = "<group>"; fileEncoding = undefined; lastKnownFileType = unknown; explicitFileType = undefined; includeInIndex = 0; };
		96772FB9082348C2AC5D22E6 /* Montserrat-VariableFont_wght.ttf */ = {isa = PBXFileReference; name = "Montserrat-VariableFont_wght.ttf"; path = "../assets/fonts/Montserrat-VariableFont_wght.ttf"; sourceTree = "<group>"; fileEncoding = undefined; lastKnownFileType = unknown; explicitFileType = undefined; includeInIndex = 0; };
		E230095C806E4F4B8C9A726C /* NotoSans-Black.ttf */ = {isa = PBXFileReference; name = "NotoSans-Black.ttf"; path = "../assets/fonts/NotoSans-Black.ttf"; sourceTree = "<group>"; fileEncoding = undefined; lastKnownFileType = unknown; explicitFileType = undefined; includeInIndex = 0; };
		76562D0C0AB84EFAB0F7B831 /* NotoSans-BlackItalic.ttf */ = {isa = PBXFileReference; name = "NotoSans-BlackItalic.ttf"; path = "../assets/fonts/NotoSans-BlackItalic.ttf"; sourceTree = "<group>"; fileEncoding = undefined; lastKnownFileType = unknown; explicitFileType = undefined; includeInIndex = 0; };
		DCBCE58D3A9846C4909B1F68 /* NotoSans-Bold.ttf */ = {isa = PBXFileReference; name = "NotoSans-Bold.ttf"; path = "../assets/fonts/NotoSans-Bold.ttf"; sourceTree = "<group>"; fileEncoding = undefined; lastKnownFileType = unknown; explicitFileType = undefined; includeInIndex = 0; };
		3523F9D1C2C5468299FF79B4 /* NotoSans-BoldItalic.ttf */ = {isa = PBXFileReference; name = "NotoSans-BoldItalic.ttf"; path = "../assets/fonts/NotoSans-BoldItalic.ttf"; sourceTree = "<group>"; fileEncoding = undefined; lastKnownFileType = unknown; explicitFileType = undefined; includeInIndex = 0; };
		597D6C7247E649C29169C6BE /* NotoSans-ExtraBold.ttf */ = {isa = PBXFileReference; name = "NotoSans-ExtraBold.ttf"; path = "../assets/fonts/NotoSans-ExtraBold.ttf"; sourceTree = "<group>"; fileEncoding = undefined; lastKnownFileType = unknown; explicitFileType = undefined; includeInIndex = 0; };
		3BC5DB4750BB4C9D98C3B844 /* NotoSans-ExtraBoldItalic.ttf */ = {isa = PBXFileReference; name = "NotoSans-ExtraBoldItalic.ttf"; path = "../assets/fonts/NotoSans-ExtraBoldItalic.ttf"; sourceTree = "<group>"; fileEncoding = undefined; lastKnownFileType = unknown; explicitFileType = undefined; includeInIndex = 0; };
		709F76E25A7C462F857ED071 /* NotoSans-ExtraLight.ttf */ = {isa = PBXFileReference; name = "NotoSans-ExtraLight.ttf"; path = "../assets/fonts/NotoSans-ExtraLight.ttf"; sourceTree = "<group>"; fileEncoding = undefined; lastKnownFileType = unknown; explicitFileType = undefined; includeInIndex = 0; };
		806BA254FC9C4DC2B9592D00 /* NotoSans-ExtraLightItalic.ttf */ = {isa = PBXFileReference; name = "NotoSans-ExtraLightItalic.ttf"; path = "../assets/fonts/NotoSans-ExtraLightItalic.ttf"; sourceTree = "<group>"; fileEncoding = undefined; lastKnownFileType = unknown; explicitFileType = undefined; includeInIndex = 0; };
		6B2ED22804FB466297F1F91E /* NotoSans-Italic.ttf */ = {isa = PBXFileReference; name = "NotoSans-Italic.ttf"; path = "../assets/fonts/NotoSans-Italic.ttf"; sourceTree = "<group>"; fileEncoding = undefined; lastKnownFileType = unknown; explicitFileType = undefined; includeInIndex = 0; };
		66C6ADBE75E542D99E47B3F2 /* NotoSans-Light.ttf */ = {isa = PBXFileReference; name = "NotoSans-Light.ttf"; path = "../assets/fonts/NotoSans-Light.ttf"; sourceTree = "<group>"; fileEncoding = undefined; lastKnownFileType = unknown; explicitFileType = undefined; includeInIndex = 0; };
		A55EAC34CD0E476098D0D9E8 /* NotoSans-LightItalic.ttf */ = {isa = PBXFileReference; name = "NotoSans-LightItalic.ttf"; path = "../assets/fonts/NotoSans-LightItalic.ttf"; sourceTree = "<group>"; fileEncoding = undefined; lastKnownFileType = unknown; explicitFileType = undefined; includeInIndex = 0; };
		338C7AF1B825459380D5D881 /* NotoSans-Medium.ttf */ = {isa = PBXFileReference; name = "NotoSans-Medium.ttf"; path = "../assets/fonts/NotoSans-Medium.ttf"; sourceTree = "<group>"; fileEncoding = undefined; lastKnownFileType = unknown; explicitFileType = undefined; includeInIndex = 0; };
		B463151F4393467693946D13 /* NotoSans-MediumItalic.ttf */ = {isa = PBXFileReference; name = "NotoSans-MediumItalic.ttf"; path = "../assets/fonts/NotoSans-MediumItalic.ttf"; sourceTree = "<group>"; fileEncoding = undefined; lastKnownFileType = unknown; explicitFileType = undefined; includeInIndex = 0; };
		032E17FA10D143A6A797ADA3 /* NotoSans-Regular.ttf */ = {isa = PBXFileReference; name = "NotoSans-Regular.ttf"; path = "../assets/fonts/NotoSans-Regular.ttf"; sourceTree = "<group>"; fileEncoding = undefined; lastKnownFileType = unknown; explicitFileType = undefined; includeInIndex = 0; };
		E6763E0778964FFFB573BF6D /* NotoSans-SemiBold.ttf */ = {isa = PBXFileReference; name = "NotoSans-SemiBold.ttf"; path = "../assets/fonts/NotoSans-SemiBold.ttf"; sourceTree = "<group>"; fileEncoding = undefined; lastKnownFileType = unknown; explicitFileType = undefined; includeInIndex = 0; };
		4A8A15A50E22443BB9475EE5 /* NotoSans-SemiBoldItalic.ttf */ = {isa = PBXFileReference; name = "NotoSans-SemiBoldItalic.ttf"; path = "../assets/fonts/NotoSans-SemiBoldItalic.ttf"; sourceTree = "<group>"; fileEncoding = undefined; lastKnownFileType = unknown; explicitFileType = undefined; includeInIndex = 0; };
		4F2E96BCF178476E81FDFFFE /* NotoSans-Thin.ttf */ = {isa = PBXFileReference; name = "NotoSans-Thin.ttf"; path = "../assets/fonts/NotoSans-Thin.ttf"; sourceTree = "<group>"; fileEncoding = undefined; lastKnownFileType = unknown; explicitFileType = undefined; includeInIndex = 0; };
		F9F55D75DD384A27BFD82669 /* NotoSans-ThinItalic.ttf */ = {isa = PBXFileReference; name = "NotoSans-ThinItalic.ttf"; path = "../assets/fonts/NotoSans-ThinItalic.ttf"; sourceTree = "<group>"; fileEncoding = undefined; lastKnownFileType = unknown; explicitFileType = undefined; includeInIndex = 0; };
/* End PBXFileReference section */

/* Begin PBXFrameworksBuildPhase section */
		00E356EB1AD99517003FC87E /* Frameworks */ = {
			isa = PBXFrameworksBuildPhase;
			buildActionMask = 2147483647;
			files = (
			);
			runOnlyForDeploymentPostprocessing = 0;
		};
		13B07F8C1A680F5B00A75B9A /* Frameworks */ = {
			isa = PBXFrameworksBuildPhase;
			buildActionMask = 2147483647;
			files = (
			);
			runOnlyForDeploymentPostprocessing = 0;
		};
/* End PBXFrameworksBuildPhase section */

/* Begin PBXGroup section */
		00E356EF1AD99517003FC87E /* aniyooTests */ = {
			isa = PBXGroup;
			children = (
				00E356F21AD99517003FC87E /* aniyooTests.m */,
				00E356F01AD99517003FC87E /* Supporting Files */,
			);
			path = aniyooTests;
			sourceTree = "<group>";
		};
		00E356F01AD99517003FC87E /* Supporting Files */ = {
			isa = PBXGroup;
			children = (
				00E356F11AD99517003FC87E /* Info.plist */,
			);
			name = "Supporting Files";
			sourceTree = "<group>";
		};
		13B07FAE1A68108700A75B9A /* aniyoo */ = {
			isa = PBXGroup;
			children = (
				13B07FAF1A68108700A75B9A /* AppDelegate.h */,
				13B07FB01A68108700A75B9A /* AppDelegate.m */,
				13B07FB51A68108700A75B9A /* Images.xcassets */,
				13B07FB61A68108700A75B9A /* Info.plist */,
				81AB9BB72411601600AC10FF /* LaunchScreen.storyboard */,
				13B07FB71A68108700A75B9A /* main.m */,
			);
			name = aniyoo;
			sourceTree = "<group>";
		};
		2D16E6871FA4F8E400B85C8A /* Frameworks */ = {
			isa = PBXGroup;
			children = (
				ED297162215061F000B7C4FE /* JavaScriptCore.framework */,
			);
			name = Frameworks;
			sourceTree = "<group>";
		};
		832341AE1AAA6A7D00B99B32 /* Libraries */ = {
			isa = PBXGroup;
			children = (
			);
			name = Libraries;
			sourceTree = "<group>";
		};
		83CBB9F61A601CBA00E9B192 = {
			isa = PBXGroup;
			children = (
				13B07FAE1A68108700A75B9A /* aniyoo */,
				832341AE1AAA6A7D00B99B32 /* Libraries */,
				00E356EF1AD99517003FC87E /* aniyooTests */,
				83CBBA001A601CBA00E9B192 /* Products */,
				2D16E6871FA4F8E400B85C8A /* Frameworks */,
				616E88927836467D822DF43A /* Resources */,
			);
			indentWidth = 2;
			sourceTree = "<group>";
			tabWidth = 2;
			usesTabs = 0;
		};
		83CBBA001A601CBA00E9B192 /* Products */ = {
			isa = PBXGroup;
			children = (
				13B07F961A680F5B00A75B9A /* aniyoo.app */,
				00E356EE1AD99517003FC87E /* aniyooTests.xctest */,
			);
			name = Products;
			sourceTree = "<group>";
		};
		616E88927836467D822DF43A /* Resources */ = {
			isa = "PBXGroup";
			children = (
				FBFF4F447A134F66BE4E4ABF /* AntDesign.ttf */,
				61DB7567B0DC4AA0AFC89B07 /* Entypo.ttf */,
				3B39201E0D7343249E9F9F86 /* EvilIcons.ttf */,
				58114BFA2689450FAD2895D5 /* Feather.ttf */,
				E903AC401F3B46FCB12E4E0C /* FontAwesome.ttf */,
				85D41F75C42C4F26B32FE839 /* FontAwesome5_Brands.ttf */,
				56CC0A206F464445914635A0 /* FontAwesome5_Regular.ttf */,
				8E556E6A22F642398BD1C36E /* FontAwesome5_Solid.ttf */,
				E48717BD0B114517AC9E1330 /* Fontisto.ttf */,
				D1132BE2D55E4B958A9D717F /* Foundation.ttf */,
				463C7E49E41A4F0C8F3A8E8D /* Ionicons.ttf */,
				756480F17B564003A0F36426 /* MaterialCommunityIcons.ttf */,
				07719460C3AF4B35ADB12E41 /* MaterialIcons.ttf */,
				387A1813A7154314A2D1F64A /* Octicons.ttf */,
				64D1C668B7E94239A6A95656 /* SimpleLineIcons.ttf */,
				1F592E453D4841F8A7536E1A /* Zocial.ttf */,
				EB10474515314080B2602C73 /* Ubuntu-Bold.ttf */,
				1D7AB9F8498D44D7AD2DAD2B /* Ubuntu-BoldItalic.ttf */,
				308A074126034F8AB6263C25 /* Ubuntu-Italic.ttf */,
				8C3B1DDD5D11469EBE27FFDA /* Ubuntu-Light.ttf */,
				B5AB5DCBC90947B49A8E72BF /* Ubuntu-LightItalic.ttf */,
				DEB5F66CF01E4F268D86367C /* Ubuntu-Medium.ttf */,
				7752645C42CD434190D91458 /* Ubuntu-MediumItalic.ttf */,
				420E3B787C554D2497117F71 /* Ubuntu-Regular.ttf */,
				362261E9F91E4598A994F68B /* Montserrat-Italic-VariableFont_wght.ttf */,
				96772FB9082348C2AC5D22E6 /* Montserrat-VariableFont_wght.ttf */,
				E230095C806E4F4B8C9A726C /* NotoSans-Black.ttf */,
				76562D0C0AB84EFAB0F7B831 /* NotoSans-BlackItalic.ttf */,
				DCBCE58D3A9846C4909B1F68 /* NotoSans-Bold.ttf */,
				3523F9D1C2C5468299FF79B4 /* NotoSans-BoldItalic.ttf */,
				597D6C7247E649C29169C6BE /* NotoSans-ExtraBold.ttf */,
				3BC5DB4750BB4C9D98C3B844 /* NotoSans-ExtraBoldItalic.ttf */,
				709F76E25A7C462F857ED071 /* NotoSans-ExtraLight.ttf */,
				806BA254FC9C4DC2B9592D00 /* NotoSans-ExtraLightItalic.ttf */,
				6B2ED22804FB466297F1F91E /* NotoSans-Italic.ttf */,
				66C6ADBE75E542D99E47B3F2 /* NotoSans-Light.ttf */,
				A55EAC34CD0E476098D0D9E8 /* NotoSans-LightItalic.ttf */,
				338C7AF1B825459380D5D881 /* NotoSans-Medium.ttf */,
				B463151F4393467693946D13 /* NotoSans-MediumItalic.ttf */,
				032E17FA10D143A6A797ADA3 /* NotoSans-Regular.ttf */,
				E6763E0778964FFFB573BF6D /* NotoSans-SemiBold.ttf */,
				4A8A15A50E22443BB9475EE5 /* NotoSans-SemiBoldItalic.ttf */,
				4F2E96BCF178476E81FDFFFE /* NotoSans-Thin.ttf */,
				F9F55D75DD384A27BFD82669 /* NotoSans-ThinItalic.ttf */,
			);
			name = Resources;
			sourceTree = "<group>";
			path = "";
		};
/* End PBXGroup section */

/* Begin PBXNativeTarget section */
		00E356ED1AD99517003FC87E /* aniyooTests */ = {
			isa = PBXNativeTarget;
			buildConfigurationList = 00E357021AD99517003FC87E /* Build configuration list for PBXNativeTarget "aniyooTests" */;
			buildPhases = (
				00E356EA1AD99517003FC87E /* Sources */,
				00E356EB1AD99517003FC87E /* Frameworks */,
				00E356EC1AD99517003FC87E /* Resources */,
			);
			buildRules = (
			);
			dependencies = (
				00E356F51AD99517003FC87E /* PBXTargetDependency */,
			);
			name = aniyooTests;
			productName = aniyooTests;
			productReference = 00E356EE1AD99517003FC87E /* aniyooTests.xctest */;
			productType = "com.apple.product-type.bundle.unit-test";
		};
		13B07F861A680F5B00A75B9A /* aniyoo */ = {
			isa = PBXNativeTarget;
			buildConfigurationList = 13B07F931A680F5B00A75B9A /* Build configuration list for PBXNativeTarget "aniyoo" */;
			buildPhases = (
				FD10A7F022414F080027D42C /* Start Packager */,
				13B07F871A680F5B00A75B9A /* Sources */,
				13B07F8C1A680F5B00A75B9A /* Frameworks */,
				13B07F8E1A680F5B00A75B9A /* Resources */,
				00DD1BFF1BD5951E006B06BC /* Bundle React Native code and images */,
			);
			buildRules = (
			);
			dependencies = (
			);
			name = aniyoo;
			productName = aniyoo;
			productReference = 13B07F961A680F5B00A75B9A /* aniyoo.app */;
			productType = "com.apple.product-type.application";
		};
/* End PBXNativeTarget section */

/* Begin PBXProject section */
		83CBB9F71A601CBA00E9B192 /* Project object */ = {
			isa = PBXProject;
			attributes = {
				LastUpgradeCheck = 1210;
				TargetAttributes = {
					00E356ED1AD99517003FC87E = {
						CreatedOnToolsVersion = 6.2;
						TestTargetID = 13B07F861A680F5B00A75B9A;
					};
					13B07F861A680F5B00A75B9A = {
						LastSwiftMigration = 1120;
					};
				};
			};
			buildConfigurationList = 83CBB9FA1A601CBA00E9B192 /* Build configuration list for PBXProject "aniyoo" */;
			compatibilityVersion = "Xcode 12.0";
			developmentRegion = en;
			hasScannedForEncodings = 0;
			knownRegions = (
				en,
				Base,
			);
			mainGroup = 83CBB9F61A601CBA00E9B192;
			productRefGroup = 83CBBA001A601CBA00E9B192 /* Products */;
			projectDirPath = "";
			projectRoot = "";
			targets = (
				13B07F861A680F5B00A75B9A /* aniyoo */,
				00E356ED1AD99517003FC87E /* aniyooTests */,
			);
		};
/* End PBXProject section */

/* Begin PBXResourcesBuildPhase section */
		00E356EC1AD99517003FC87E /* Resources */ = {
			isa = PBXResourcesBuildPhase;
			buildActionMask = 2147483647;
			files = (
			);
			runOnlyForDeploymentPostprocessing = 0;
		};
		13B07F8E1A680F5B00A75B9A /* Resources */ = {
			isa = PBXResourcesBuildPhase;
			buildActionMask = 2147483647;
			files = (
				81AB9BB82411601600AC10FF /* LaunchScreen.storyboard in Resources */,
				13B07FBF1A68108700A75B9A /* Images.xcassets in Resources */,
				805937565A864091BC4B9AA1 /* AntDesign.ttf in Resources */,
				B7B3AE9A66EF4EC891591736 /* Entypo.ttf in Resources */,
				A58157A29ED5482CA1338611 /* EvilIcons.ttf in Resources */,
				7A325C15B4F14A29A1FA4022 /* Feather.ttf in Resources */,
				3D42CF34103D465AA0CCDB2B /* FontAwesome.ttf in Resources */,
				46D9C44EF0F847FD81EE6440 /* FontAwesome5_Brands.ttf in Resources */,
				F1BD6A6707CA4CF98EDB6BC9 /* FontAwesome5_Regular.ttf in Resources */,
				36C7E2C6C6BD4F13942A2726 /* FontAwesome5_Solid.ttf in Resources */,
				FF49E9E6CCA747159AA0333F /* Fontisto.ttf in Resources */,
				A27DFBE888964A62A70E3EFA /* Foundation.ttf in Resources */,
				EDD9887021B44B72B0CA3A64 /* Ionicons.ttf in Resources */,
				99BA06819189448B9647F5F7 /* MaterialCommunityIcons.ttf in Resources */,
				85A3C26677884E8E8DFBB018 /* MaterialIcons.ttf in Resources */,
				0C07DC5154B045398DBB0086 /* Octicons.ttf in Resources */,
				F440C3585756488FBBEE5E17 /* SimpleLineIcons.ttf in Resources */,
				EF82087F0AE643B0B65D14C9 /* Zocial.ttf in Resources */,
				38FB94162C754744AEB1AF49 /* Ubuntu-Bold.ttf in Resources */,
				DBC2CD1FC89C4CE584B719AF /* Ubuntu-BoldItalic.ttf in Resources */,
				21EC85194EEC438ABE67B776 /* Ubuntu-Italic.ttf in Resources */,
				79B3FCA1BD1242C7901085AF /* Ubuntu-Light.ttf in Resources */,
				EC3EE20F232B4AFD983EB254 /* Ubuntu-LightItalic.ttf in Resources */,
				0E0675927CCE47ADB771F032 /* Ubuntu-Medium.ttf in Resources */,
				2D718BD95D874905AA2DE70F /* Ubuntu-MediumItalic.ttf in Resources */,
				73DC5A0FEED74B39BAFB13F6 /* Ubuntu-Regular.ttf in Resources */,
				41A22126FF03439BAC0F80E8 /* Montserrat-Italic-VariableFont_wght.ttf in Resources */,
				216C34331C1D483494F09DCC /* Montserrat-VariableFont_wght.ttf in Resources */,
				790967A572814DD197F918CB /* NotoSans-Black.ttf in Resources */,
				FD9AF5DDFDC440A08EF196A9 /* NotoSans-BlackItalic.ttf in Resources */,
				A815B33BD10A447894294154 /* NotoSans-Bold.ttf in Resources */,
				DFF4118C8F384BDB88B7423A /* NotoSans-BoldItalic.ttf in Resources */,
				987B91668D4C41BBA20AD5A2 /* NotoSans-ExtraBold.ttf in Resources */,
				F8E6E9D50AA24364B029B8C2 /* NotoSans-ExtraBoldItalic.ttf in Resources */,
				F846B558948A4F9C8F220C0A /* NotoSans-ExtraLight.ttf in Resources */,
				36F07F1246F74260B0F2AF3A /* NotoSans-ExtraLightItalic.ttf in Resources */,
				3E87D841AAC74BE59BE5C8EA /* NotoSans-Italic.ttf in Resources */,
				9BFE7BC23038481DB85C9FFF /* NotoSans-Light.ttf in Resources */,
				933AE46E4F014F67ABF00FE6 /* NotoSans-LightItalic.ttf in Resources */,
				E4D1A182DF6848058F646856 /* NotoSans-Medium.ttf in Resources */,
				7E59C8C0BA6742EE954592B6 /* NotoSans-MediumItalic.ttf in Resources */,
				4CCDF3690B024A59805AA0B0 /* NotoSans-Regular.ttf in Resources */,
				0A03E39BCEEF43A3BB4356CD /* NotoSans-SemiBold.ttf in Resources */,
				3701ADC8FF67480090EDC8CF /* NotoSans-SemiBoldItalic.ttf in Resources */,
				3B86F986EDE1442BA0BBFC5B /* NotoSans-Thin.ttf in Resources */,
				8C5DA67C705E4F0090457460 /* NotoSans-ThinItalic.ttf in Resources */,
			);
			runOnlyForDeploymentPostprocessing = 0;
		};
/* End PBXResourcesBuildPhase section */

/* Begin PBXShellScriptBuildPhase section */
		00DD1BFF1BD5951E006B06BC /* Bundle React Native code and images */ = {
			isa = PBXShellScriptBuildPhase;
			buildActionMask = 2147483647;
			files = (
			);
			inputPaths = (
			);
			name = "Bundle React Native code and images";
			outputPaths = (
			);
			runOnlyForDeploymentPostprocessing = 0;
			shellPath = /bin/sh;
			shellScript = "set -e\n\nexport NODE_BINARY=node\n../node_modules/react-native/scripts/react-native-xcode.sh\n";
		};
		FD10A7F022414F080027D42C /* Start Packager */ = {
			isa = PBXShellScriptBuildPhase;
			buildActionMask = 2147483647;
			files = (
			);
			inputFileListPaths = (
			);
			inputPaths = (
			);
			name = "Start Packager";
			outputFileListPaths = (
			);
			outputPaths = (
			);
			runOnlyForDeploymentPostprocessing = 0;
			shellPath = /bin/sh;
			shellScript = "export RCT_METRO_PORT=\"${RCT_METRO_PORT:=8081}\"\necho \"export RCT_METRO_PORT=${RCT_METRO_PORT}\" > \"${SRCROOT}/../node_modules/react-native/scripts/.packager.env\"\nif [ -z \"${RCT_NO_LAUNCH_PACKAGER+xxx}\" ] ; then\n  if nc -w 5 -z localhost ${RCT_METRO_PORT} ; then\n    if ! curl -s \"http://localhost:${RCT_METRO_PORT}/status\" | grep -q \"packager-status:running\" ; then\n      echo \"Port ${RCT_METRO_PORT} already in use, packager is either not running or not running correctly\"\n      exit 2\n    fi\n  else\n    open \"$SRCROOT/../node_modules/react-native/scripts/launchPackager.command\" || echo \"Can't start packager automatically\"\n  fi\nfi\n";
			showEnvVarsInLog = 0;
		};
/* End PBXShellScriptBuildPhase section */

/* Begin PBXSourcesBuildPhase section */
		00E356EA1AD99517003FC87E /* Sources */ = {
			isa = PBXSourcesBuildPhase;
			buildActionMask = 2147483647;
			files = (
				00E356F31AD99517003FC87E /* aniyooTests.m in Sources */,
			);
			runOnlyForDeploymentPostprocessing = 0;
		};
		13B07F871A680F5B00A75B9A /* Sources */ = {
			isa = PBXSourcesBuildPhase;
			buildActionMask = 2147483647;
			files = (
				13B07FBC1A68108700A75B9A /* AppDelegate.m in Sources */,
				13B07FC11A68108700A75B9A /* main.m in Sources */,
			);
			runOnlyForDeploymentPostprocessing = 0;
		};
/* End PBXSourcesBuildPhase section */

/* Begin PBXTargetDependency section */
		00E356F51AD99517003FC87E /* PBXTargetDependency */ = {
			isa = PBXTargetDependency;
			target = 13B07F861A680F5B00A75B9A /* aniyoo */;
			targetProxy = 00E356F41AD99517003FC87E /* PBXContainerItemProxy */;
		};
/* End PBXTargetDependency section */

/* Begin XCBuildConfiguration section */
		00E356F61AD99517003FC87E /* Debug */ = {
			isa = XCBuildConfiguration;
			buildSettings = {
				BUNDLE_LOADER = "$(TEST_HOST)";
				GCC_PREPROCESSOR_DEFINITIONS = (
					"DEBUG=1",
					"$(inherited)",
				);
				INFOPLIST_FILE = aniyooTests/Info.plist;
				IPHONEOS_DEPLOYMENT_TARGET = 11.0;
				LD_RUNPATH_SEARCH_PATHS = (
					"$(inherited)",
					"@executable_path/Frameworks",
					"@loader_path/Frameworks",
				);
				OTHER_LDFLAGS = (
					"-ObjC",
					"-lc++",
					"$(inherited)",
				);
				PRODUCT_BUNDLE_IDENTIFIER = "org.reactjs.native.example.$(PRODUCT_NAME:rfc1034identifier)";
				PRODUCT_NAME = "$(TARGET_NAME)";
				TEST_HOST = "$(BUILT_PRODUCTS_DIR)/aniyoo.app/aniyoo";
			};
			name = Debug;
		};
		00E356F71AD99517003FC87E /* Release */ = {
			isa = XCBuildConfiguration;
			buildSettings = {
				BUNDLE_LOADER = "$(TEST_HOST)";
				COPY_PHASE_STRIP = NO;
				INFOPLIST_FILE = aniyooTests/Info.plist;
				IPHONEOS_DEPLOYMENT_TARGET = 11.0;
				LD_RUNPATH_SEARCH_PATHS = (
					"$(inherited)",
					"@executable_path/Frameworks",
					"@loader_path/Frameworks",
				);
				OTHER_LDFLAGS = (
					"-ObjC",
					"-lc++",
					"$(inherited)",
				);
				PRODUCT_BUNDLE_IDENTIFIER = "org.reactjs.native.example.$(PRODUCT_NAME:rfc1034identifier)";
				PRODUCT_NAME = "$(TARGET_NAME)";
				TEST_HOST = "$(BUILT_PRODUCTS_DIR)/aniyoo.app/aniyoo";
			};
			name = Release;
		};
		13B07F941A680F5B00A75B9A /* Debug */ = {
			isa = XCBuildConfiguration;
			buildSettings = {
				ASSETCATALOG_COMPILER_APPICON_NAME = AppIcon;
				CLANG_ENABLE_MODULES = YES;
				CURRENT_PROJECT_VERSION = 1;
				ENABLE_BITCODE = NO;
				INFOPLIST_FILE = aniyoo/Info.plist;
				LD_RUNPATH_SEARCH_PATHS = (
					"$(inherited)",
					"@executable_path/Frameworks",
				);
				OTHER_LDFLAGS = (
					"$(inherited)",
					"-ObjC",
					"-lc++",
				);
				PRODUCT_BUNDLE_IDENTIFIER = "org.reactjs.native.example.$(PRODUCT_NAME:rfc1034identifier)";
				PRODUCT_NAME = aniyoo;
				SWIFT_OPTIMIZATION_LEVEL = "-Onone";
				SWIFT_VERSION = 5.0;
				VERSIONING_SYSTEM = "apple-generic";
			};
			name = Debug;
		};
		13B07F951A680F5B00A75B9A /* Release */ = {
			isa = XCBuildConfiguration;
			buildSettings = {
				ASSETCATALOG_COMPILER_APPICON_NAME = AppIcon;
				CLANG_ENABLE_MODULES = YES;
				CURRENT_PROJECT_VERSION = 1;
				INFOPLIST_FILE = aniyoo/Info.plist;
				LD_RUNPATH_SEARCH_PATHS = (
					"$(inherited)",
					"@executable_path/Frameworks",
				);
				OTHER_LDFLAGS = (
					"$(inherited)",
					"-ObjC",
					"-lc++",
				);
				PRODUCT_BUNDLE_IDENTIFIER = "org.reactjs.native.example.$(PRODUCT_NAME:rfc1034identifier)";
				PRODUCT_NAME = aniyoo;
				SWIFT_VERSION = 5.0;
				VERSIONING_SYSTEM = "apple-generic";
			};
			name = Release;
		};
		83CBBA201A601CBA00E9B192 /* Debug */ = {
			isa = XCBuildConfiguration;
			buildSettings = {
				ALWAYS_SEARCH_USER_PATHS = NO;
				CLANG_ANALYZER_LOCALIZABILITY_NONLOCALIZED = YES;
				CLANG_CXX_LANGUAGE_STANDARD = "gnu++0x";
				CLANG_CXX_LIBRARY = "libc++";
				CLANG_ENABLE_MODULES = YES;
				CLANG_ENABLE_OBJC_ARC = YES;
				CLANG_WARN_BLOCK_CAPTURE_AUTORELEASING = YES;
				CLANG_WARN_BOOL_CONVERSION = YES;
				CLANG_WARN_COMMA = YES;
				CLANG_WARN_CONSTANT_CONVERSION = YES;
				CLANG_WARN_DEPRECATED_OBJC_IMPLEMENTATIONS = YES;
				CLANG_WARN_DIRECT_OBJC_ISA_USAGE = YES_ERROR;
				CLANG_WARN_EMPTY_BODY = YES;
				CLANG_WARN_ENUM_CONVERSION = YES;
				CLANG_WARN_INFINITE_RECURSION = YES;
				CLANG_WARN_INT_CONVERSION = YES;
				CLANG_WARN_NON_LITERAL_NULL_CONVERSION = YES;
				CLANG_WARN_OBJC_IMPLICIT_RETAIN_SELF = YES;
				CLANG_WARN_OBJC_LITERAL_CONVERSION = YES;
				CLANG_WARN_OBJC_ROOT_CLASS = YES_ERROR;
				CLANG_WARN_QUOTED_INCLUDE_IN_FRAMEWORK_HEADER = YES;
				CLANG_WARN_RANGE_LOOP_ANALYSIS = YES;
				CLANG_WARN_STRICT_PROTOTYPES = YES;
				CLANG_WARN_SUSPICIOUS_MOVE = YES;
				CLANG_WARN_UNREACHABLE_CODE = YES;
				CLANG_WARN__DUPLICATE_METHOD_MATCH = YES;
				"CODE_SIGN_IDENTITY[sdk=iphoneos*]" = "iPhone Developer";
				COPY_PHASE_STRIP = NO;
				ENABLE_STRICT_OBJC_MSGSEND = YES;
				ENABLE_TESTABILITY = YES;
				GCC_C_LANGUAGE_STANDARD = gnu99;
				GCC_DYNAMIC_NO_PIC = NO;
				GCC_NO_COMMON_BLOCKS = YES;
				GCC_OPTIMIZATION_LEVEL = 0;
				GCC_PREPROCESSOR_DEFINITIONS = (
					"DEBUG=1",
					"$(inherited)",
				);
				GCC_SYMBOLS_PRIVATE_EXTERN = NO;
				GCC_WARN_64_TO_32_BIT_CONVERSION = YES;
				GCC_WARN_ABOUT_RETURN_TYPE = YES_ERROR;
				GCC_WARN_UNDECLARED_SELECTOR = YES;
				GCC_WARN_UNINITIALIZED_AUTOS = YES_AGGRESSIVE;
				GCC_WARN_UNUSED_FUNCTION = YES;
				GCC_WARN_UNUSED_VARIABLE = YES;
				IPHONEOS_DEPLOYMENT_TARGET = 11.0;
				LD_RUNPATH_SEARCH_PATHS = (
					/usr/lib/swift,
					"$(inherited)",
				);
				LIBRARY_SEARCH_PATHS = (
					"\"$(SDKROOT)/usr/lib/swift\"",
					"\"$(TOOLCHAIN_DIR)/usr/lib/swift/$(PLATFORM_NAME)\"",
					"\"$(inherited)\"",
				);
				MTL_ENABLE_DEBUG_INFO = YES;
				ONLY_ACTIVE_ARCH = YES;
				SDKROOT = iphoneos;
			};
			name = Debug;
		};
		83CBBA211A601CBA00E9B192 /* Release */ = {
			isa = XCBuildConfiguration;
			buildSettings = {
				ALWAYS_SEARCH_USER_PATHS = NO;
				CLANG_ANALYZER_LOCALIZABILITY_NONLOCALIZED = YES;
				CLANG_CXX_LANGUAGE_STANDARD = "gnu++0x";
				CLANG_CXX_LIBRARY = "libc++";
				CLANG_ENABLE_MODULES = YES;
				CLANG_ENABLE_OBJC_ARC = YES;
				CLANG_WARN_BLOCK_CAPTURE_AUTORELEASING = YES;
				CLANG_WARN_BOOL_CONVERSION = YES;
				CLANG_WARN_COMMA = YES;
				CLANG_WARN_CONSTANT_CONVERSION = YES;
				CLANG_WARN_DEPRECATED_OBJC_IMPLEMENTATIONS = YES;
				CLANG_WARN_DIRECT_OBJC_ISA_USAGE = YES_ERROR;
				CLANG_WARN_EMPTY_BODY = YES;
				CLANG_WARN_ENUM_CONVERSION = YES;
				CLANG_WARN_INFINITE_RECURSION = YES;
				CLANG_WARN_INT_CONVERSION = YES;
				CLANG_WARN_NON_LITERAL_NULL_CONVERSION = YES;
				CLANG_WARN_OBJC_IMPLICIT_RETAIN_SELF = YES;
				CLANG_WARN_OBJC_LITERAL_CONVERSION = YES;
				CLANG_WARN_OBJC_ROOT_CLASS = YES_ERROR;
				CLANG_WARN_QUOTED_INCLUDE_IN_FRAMEWORK_HEADER = YES;
				CLANG_WARN_RANGE_LOOP_ANALYSIS = YES;
				CLANG_WARN_STRICT_PROTOTYPES = YES;
				CLANG_WARN_SUSPICIOUS_MOVE = YES;
				CLANG_WARN_UNREACHABLE_CODE = YES;
				CLANG_WARN__DUPLICATE_METHOD_MATCH = YES;
				"CODE_SIGN_IDENTITY[sdk=iphoneos*]" = "iPhone Developer";
				COPY_PHASE_STRIP = YES;
				ENABLE_NS_ASSERTIONS = NO;
				ENABLE_STRICT_OBJC_MSGSEND = YES;
				GCC_C_LANGUAGE_STANDARD = gnu99;
				GCC_NO_COMMON_BLOCKS = YES;
				GCC_WARN_64_TO_32_BIT_CONVERSION = YES;
				GCC_WARN_ABOUT_RETURN_TYPE = YES_ERROR;
				GCC_WARN_UNDECLARED_SELECTOR = YES;
				GCC_WARN_UNINITIALIZED_AUTOS = YES_AGGRESSIVE;
				GCC_WARN_UNUSED_FUNCTION = YES;
				GCC_WARN_UNUSED_VARIABLE = YES;
				IPHONEOS_DEPLOYMENT_TARGET = 11.0;
				LD_RUNPATH_SEARCH_PATHS = (
					/usr/lib/swift,
					"$(inherited)",
				);
				LIBRARY_SEARCH_PATHS = (
					"\"$(SDKROOT)/usr/lib/swift\"",
					"\"$(TOOLCHAIN_DIR)/usr/lib/swift/$(PLATFORM_NAME)\"",
					"\"$(inherited)\"",
				);
				MTL_ENABLE_DEBUG_INFO = NO;
				SDKROOT = iphoneos;
				VALIDATE_PRODUCT = YES;
			};
			name = Release;
		};
/* End XCBuildConfiguration section */

/* Begin XCConfigurationList section */
		00E357021AD99517003FC87E /* Build configuration list for PBXNativeTarget "aniyooTests" */ = {
			isa = XCConfigurationList;
			buildConfigurations = (
				00E356F61AD99517003FC87E /* Debug */,
				00E356F71AD99517003FC87E /* Release */,
			);
			defaultConfigurationIsVisible = 0;
			defaultConfigurationName = Release;
		};
		13B07F931A680F5B00A75B9A /* Build configuration list for PBXNativeTarget "aniyoo" */ = {
			isa = XCConfigurationList;
			buildConfigurations = (
				13B07F941A680F5B00A75B9A /* Debug */,
				13B07F951A680F5B00A75B9A /* Release */,
			);
			defaultConfigurationIsVisible = 0;
			defaultConfigurationName = Release;
		};
		83CBB9FA1A601CBA00E9B192 /* Build configuration list for PBXProject "aniyoo" */ = {
			isa = XCConfigurationList;
			buildConfigurations = (
				83CBBA201A601CBA00E9B192 /* Debug */,
				83CBBA211A601CBA00E9B192 /* Release */,
			);
			defaultConfigurationIsVisible = 0;
			defaultConfigurationName = Release;
		};
/* End XCConfigurationList section */
	};
	rootObject = 83CBB9F71A601CBA00E9B192 /* Project object */;
}
